
Microsoft Visual Studio Solution File, Format Version 12.00
# Visual Studio Version 16
VisualStudioVersion = 16.0.30011.22
MinimumVisualStudioVersion = 10.0.40219.1
Project("{FAE04EC0-301F-11D3-BF4B-00C04F79EFBC}") = "RandomCardSelector", "RandomCardSelector\RandomCardSelector.csproj", "{10EB9719-0A05-4C50-8DAF-E4D8605D0F3D}"
EndProject
Global
	GlobalSection(SolutionConfigurationPlatforms) = preSolution
		Debug|Any CPU = Debug|Any CPU
		Release|Any CPU = Release|Any CPU
	EndGlobalSection
	GlobalSection(ProjectConfigurationPlatforms) = postSolution
		{10EB9719-0A05-4C50-8DAF-E4D8605D0F3D}.Debug|Any CPU.ActiveCfg = Debug|Any CPU
		{10EB9719-0A05-4C50-8DAF-E4D8605D0F3D}.Debug|Any CPU.Build.0 = Debug|Any CPU
		{10EB9719-0A05-4C50-8DAF-E4D8605D0F3D}.Release|Any CPU.ActiveCfg = Release|Any CPU
		{10EB9719-0A05-4C50-8DAF-E4D8605D0F3D}.Release|Any CPU.Build.0 = Release|Any CPU
	EndGlobalSection
	GlobalSection(SolutionProperties) = preSolution
		HideSolutionNode = FALSE
	EndGlobalSection
	GlobalSection(ExtensibilityGlobals) = postSolution
		SolutionGuid = {ED18F364-ECE7-4007-8F72-607A86B0BC6A}
	EndGlobalSection
EndGlobal
